
Microsoft Visual Studio Solution File, Format Version 12.00
# Visual Studio Version 17
VisualStudioVersion = 17.7.34031.279
MinimumVisualStudioVersion = 10.0.40219.1
Project("{9A19103F-16F7-4668-BE54-9A1E7A4F7556}") = "mf-dev-back-end-2023", "mf-dev-back-end-2023\mf-dev-back-end-2023.csproj", "{672491A2-1995-4836-88D6-724002699AAF}"
EndProject
Global
	GlobalSection(SolutionConfigurationPlatforms) = preSolution
		Debug|Any CPU = Debug|Any CPU
		Release|Any CPU = Release|Any CPU
	EndGlobalSection
	GlobalSection(ProjectConfigurationPlatforms) = postSolution
		{672491A2-1995-4836-88D6-724002699AAF}.Debug|Any CPU.ActiveCfg = Debug|Any CPU
		{672491A2-1995-4836-88D6-724002699AAF}.Debug|Any CPU.Build.0 = Debug|Any CPU
		{672491A2-1995-4836-88D6-724002699AAF}.Release|Any CPU.ActiveCfg = Release|Any CPU
		{672491A2-1995-4836-88D6-724002699AAF}.Release|Any CPU.Build.0 = Release|Any CPU
	EndGlobalSection
	GlobalSection(SolutionProperties) = preSolution
		HideSolutionNode = FALSE
	EndGlobalSection
	GlobalSection(ExtensibilityGlobals) = postSolution
		SolutionGuid = {D39E68BC-29C0-4C71-9105-F7F4C1ECF048}
	EndGlobalSection
EndGlobal
